
Microsoft Visual Studio Solution File, Format Version 12.00
# Visual Studio Version 16
VisualStudioVersion = 16.0.31515.178
MinimumVisualStudioVersion = 10.0.40219.1
Project("{8BC9CEB8-8B4A-11D0-8D11-00A0C91BC942}") = "BaekJoon20056", "BaekJoon20056\BaekJoon20056.vcxproj", "{F3BCE929-3ABF-4F42-9923-486199A24F0C}"
EndProject
Global
	GlobalSection(SolutionConfigurationPlatforms) = preSolution
		Debug|x64 = Debug|x64
		Debug|x86 = Debug|x86
		Release|x64 = Release|x64
		Release|x86 = Release|x86
	EndGlobalSection
	GlobalSection(ProjectConfigurationPlatforms) = postSolution
		{F3BCE929-3ABF-4F42-9923-486199A24F0C}.Debug|x64.ActiveCfg = Debug|x64
		{F3BCE929-3ABF-4F42-9923-486199A24F0C}.Debug|x64.Build.0 = Debug|x64
		{F3BCE929-3ABF-4F42-9923-486199A24F0C}.Debug|x86.ActiveCfg = Debug|Win32
		{F3BCE929-3ABF-4F42-9923-486199A24F0C}.Debug|x86.Build.0 = Debug|Win32
		{F3BCE929-3ABF-4F42-9923-486199A24F0C}.Release|x64.ActiveCfg = Release|x64
		{F3BCE929-3ABF-4F42-9923-486199A24F0C}.Release|x64.Build.0 = Release|x64
		{F3BCE929-3ABF-4F42-9923-486199A24F0C}.Release|x86.ActiveCfg = Release|Win32
		{F3BCE929-3ABF-4F42-9923-486199A24F0C}.Release|x86.Build.0 = Release|Win32
	EndGlobalSection
	GlobalSection(SolutionProperties) = preSolution
		HideSolutionNode = FALSE
	EndGlobalSection
	GlobalSection(ExtensibilityGlobals) = postSolution
		SolutionGuid = {79A79D77-07EF-4EE0-8053-2A4E07928C09}
	EndGlobalSection
EndGlobal
