
Microsoft Visual Studio Solution File, Format Version 12.00
# Visual Studio Version 16
VisualStudioVersion = 16.0.31025.194
MinimumVisualStudioVersion = 10.0.40219.1
Project("{8BC9CEB8-8B4A-11D0-8D11-00A0C91BC942}") = "Algospot-WORLDCHAIN", "Algospot-WORLDCHAIN\Algospot-WORLDCHAIN.vcxproj", "{68419266-03C6-4BFF-A6DC-20F8D7B782E0}"
EndProject
Global
	GlobalSection(SolutionConfigurationPlatforms) = preSolution
		Debug|x64 = Debug|x64
		Debug|x86 = Debug|x86
		Release|x64 = Release|x64
		Release|x86 = Release|x86
	EndGlobalSection
	GlobalSection(ProjectConfigurationPlatforms) = postSolution
		{68419266-03C6-4BFF-A6DC-20F8D7B782E0}.Debug|x64.ActiveCfg = Debug|x64
		{68419266-03C6-4BFF-A6DC-20F8D7B782E0}.Debug|x64.Build.0 = Debug|x64
		{68419266-03C6-4BFF-A6DC-20F8D7B782E0}.Debug|x86.ActiveCfg = Debug|Win32
		{68419266-03C6-4BFF-A6DC-20F8D7B782E0}.Debug|x86.Build.0 = Debug|Win32
		{68419266-03C6-4BFF-A6DC-20F8D7B782E0}.Release|x64.ActiveCfg = Release|x64
		{68419266-03C6-4BFF-A6DC-20F8D7B782E0}.Release|x64.Build.0 = Release|x64
		{68419266-03C6-4BFF-A6DC-20F8D7B782E0}.Release|x86.ActiveCfg = Release|Win32
		{68419266-03C6-4BFF-A6DC-20F8D7B782E0}.Release|x86.Build.0 = Release|Win32
	EndGlobalSection
	GlobalSection(SolutionProperties) = preSolution
		HideSolutionNode = FALSE
	EndGlobalSection
	GlobalSection(ExtensibilityGlobals) = postSolution
		SolutionGuid = {1A60F7D5-2F12-406F-A30B-6ACA3247FF29}
	EndGlobalSection
EndGlobal
