
Microsoft Visual Studio Solution File, Format Version 12.00
# Visual Studio Version 16
VisualStudioVersion = 16.0.31515.178
MinimumVisualStudioVersion = 10.0.40219.1
Project("{8BC9CEB8-8B4A-11D0-8D11-00A0C91BC942}") = "BaekJoon17142", "BaekJoon17142\BaekJoon17142.vcxproj", "{2B2B863C-12A2-46D5-9D55-8A9D88D62D44}"
EndProject
Global
	GlobalSection(SolutionConfigurationPlatforms) = preSolution
		Debug|x64 = Debug|x64
		Debug|x86 = Debug|x86
		Release|x64 = Release|x64
		Release|x86 = Release|x86
	EndGlobalSection
	GlobalSection(ProjectConfigurationPlatforms) = postSolution
		{2B2B863C-12A2-46D5-9D55-8A9D88D62D44}.Debug|x64.ActiveCfg = Debug|x64
		{2B2B863C-12A2-46D5-9D55-8A9D88D62D44}.Debug|x64.Build.0 = Debug|x64
		{2B2B863C-12A2-46D5-9D55-8A9D88D62D44}.Debug|x86.ActiveCfg = Debug|Win32
		{2B2B863C-12A2-46D5-9D55-8A9D88D62D44}.Debug|x86.Build.0 = Debug|Win32
		{2B2B863C-12A2-46D5-9D55-8A9D88D62D44}.Release|x64.ActiveCfg = Release|x64
		{2B2B863C-12A2-46D5-9D55-8A9D88D62D44}.Release|x64.Build.0 = Release|x64
		{2B2B863C-12A2-46D5-9D55-8A9D88D62D44}.Release|x86.ActiveCfg = Release|Win32
		{2B2B863C-12A2-46D5-9D55-8A9D88D62D44}.Release|x86.Build.0 = Release|Win32
	EndGlobalSection
	GlobalSection(SolutionProperties) = preSolution
		HideSolutionNode = FALSE
	EndGlobalSection
	GlobalSection(ExtensibilityGlobals) = postSolution
		SolutionGuid = {67EB268C-F292-423D-BB5C-CB1D00B95152}
	EndGlobalSection
EndGlobal
