
Microsoft Visual Studio Solution File, Format Version 12.00
# Visual Studio Version 16
VisualStudioVersion = 16.0.31613.86
MinimumVisualStudioVersion = 10.0.40219.1
Project("{8BC9CEB8-8B4A-11D0-8D11-00A0C91BC942}") = "BaekJoon13460", "BaekJoon13460\BaekJoon13460.vcxproj", "{34C503FE-522E-45DF-AFA7-109A9ACDC447}"
EndProject
Global
	GlobalSection(SolutionConfigurationPlatforms) = preSolution
		Debug|x64 = Debug|x64
		Debug|x86 = Debug|x86
		Release|x64 = Release|x64
		Release|x86 = Release|x86
	EndGlobalSection
	GlobalSection(ProjectConfigurationPlatforms) = postSolution
		{34C503FE-522E-45DF-AFA7-109A9ACDC447}.Debug|x64.ActiveCfg = Debug|x64
		{34C503FE-522E-45DF-AFA7-109A9ACDC447}.Debug|x64.Build.0 = Debug|x64
		{34C503FE-522E-45DF-AFA7-109A9ACDC447}.Debug|x86.ActiveCfg = Debug|Win32
		{34C503FE-522E-45DF-AFA7-109A9ACDC447}.Debug|x86.Build.0 = Debug|Win32
		{34C503FE-522E-45DF-AFA7-109A9ACDC447}.Release|x64.ActiveCfg = Release|x64
		{34C503FE-522E-45DF-AFA7-109A9ACDC447}.Release|x64.Build.0 = Release|x64
		{34C503FE-522E-45DF-AFA7-109A9ACDC447}.Release|x86.ActiveCfg = Release|Win32
		{34C503FE-522E-45DF-AFA7-109A9ACDC447}.Release|x86.Build.0 = Release|Win32
	EndGlobalSection
	GlobalSection(SolutionProperties) = preSolution
		HideSolutionNode = FALSE
	EndGlobalSection
	GlobalSection(ExtensibilityGlobals) = postSolution
		SolutionGuid = {86553970-A3EB-4698-BF8E-49539B59942D}
	EndGlobalSection
EndGlobal
