
Microsoft Visual Studio Solution File, Format Version 12.00
# Visual Studio Version 16
VisualStudioVersion = 16.0.31019.35
MinimumVisualStudioVersion = 10.0.40219.1
Project("{8BC9CEB8-8B4A-11D0-8D11-00A0C91BC942}") = "Algospot-NAMING", "Algospot-NAMING\Algospot-NAMING.vcxproj", "{41D8DFCE-5C05-4F28-A651-5D1B36309E10}"
EndProject
Global
	GlobalSection(SolutionConfigurationPlatforms) = preSolution
		Debug|x64 = Debug|x64
		Debug|x86 = Debug|x86
		Release|x64 = Release|x64
		Release|x86 = Release|x86
	EndGlobalSection
	GlobalSection(ProjectConfigurationPlatforms) = postSolution
		{41D8DFCE-5C05-4F28-A651-5D1B36309E10}.Debug|x64.ActiveCfg = Debug|x64
		{41D8DFCE-5C05-4F28-A651-5D1B36309E10}.Debug|x64.Build.0 = Debug|x64
		{41D8DFCE-5C05-4F28-A651-5D1B36309E10}.Debug|x86.ActiveCfg = Debug|Win32
		{41D8DFCE-5C05-4F28-A651-5D1B36309E10}.Debug|x86.Build.0 = Debug|Win32
		{41D8DFCE-5C05-4F28-A651-5D1B36309E10}.Release|x64.ActiveCfg = Release|x64
		{41D8DFCE-5C05-4F28-A651-5D1B36309E10}.Release|x64.Build.0 = Release|x64
		{41D8DFCE-5C05-4F28-A651-5D1B36309E10}.Release|x86.ActiveCfg = Release|Win32
		{41D8DFCE-5C05-4F28-A651-5D1B36309E10}.Release|x86.Build.0 = Release|Win32
	EndGlobalSection
	GlobalSection(SolutionProperties) = preSolution
		HideSolutionNode = FALSE
	EndGlobalSection
	GlobalSection(ExtensibilityGlobals) = postSolution
		SolutionGuid = {523975FE-344E-4AA3-83B8-A64561470544}
	EndGlobalSection
EndGlobal
