
Microsoft Visual Studio Solution File, Format Version 12.00
# Visual Studio Version 16
VisualStudioVersion = 16.0.31613.86
MinimumVisualStudioVersion = 10.0.40219.1
Project("{8BC9CEB8-8B4A-11D0-8D11-00A0C91BC942}") = "BaekJoon21609", "BaekJoon21609\BaekJoon21609.vcxproj", "{7C1EF286-158D-4060-8524-2E85193BEA72}"
EndProject
Global
	GlobalSection(SolutionConfigurationPlatforms) = preSolution
		Debug|x64 = Debug|x64
		Debug|x86 = Debug|x86
		Release|x64 = Release|x64
		Release|x86 = Release|x86
	EndGlobalSection
	GlobalSection(ProjectConfigurationPlatforms) = postSolution
		{7C1EF286-158D-4060-8524-2E85193BEA72}.Debug|x64.ActiveCfg = Debug|x64
		{7C1EF286-158D-4060-8524-2E85193BEA72}.Debug|x64.Build.0 = Debug|x64
		{7C1EF286-158D-4060-8524-2E85193BEA72}.Debug|x86.ActiveCfg = Debug|Win32
		{7C1EF286-158D-4060-8524-2E85193BEA72}.Debug|x86.Build.0 = Debug|Win32
		{7C1EF286-158D-4060-8524-2E85193BEA72}.Release|x64.ActiveCfg = Release|x64
		{7C1EF286-158D-4060-8524-2E85193BEA72}.Release|x64.Build.0 = Release|x64
		{7C1EF286-158D-4060-8524-2E85193BEA72}.Release|x86.ActiveCfg = Release|Win32
		{7C1EF286-158D-4060-8524-2E85193BEA72}.Release|x86.Build.0 = Release|Win32
	EndGlobalSection
	GlobalSection(SolutionProperties) = preSolution
		HideSolutionNode = FALSE
	EndGlobalSection
	GlobalSection(ExtensibilityGlobals) = postSolution
		SolutionGuid = {F71CED0C-7E7C-458D-A895-1CA8D594C2D3}
	EndGlobalSection
EndGlobal
